
Microsoft Visual Studio Solution File, Format Version 12.00
# Visual Studio Version 16
VisualStudioVersion = 16.0.30011.22
MinimumVisualStudioVersion = 10.0.40219.1
Project("{FAE04EC0-301F-11D3-BF4B-00C04F79EFBC}") = "LMSProfile", "LMSProfile.csproj", "{CDC6B5A3-4842-471B-878E-6C2234704479}"
EndProject
Global
	GlobalSection(SolutionConfigurationPlatforms) = preSolution
		Debug|Any CPU = Debug|Any CPU
		Release|Any CPU = Release|Any CPU
	EndGlobalSection
	GlobalSection(ProjectConfigurationPlatforms) = postSolution
		{CDC6B5A3-4842-471B-878E-6C2234704479}.Debug|Any CPU.ActiveCfg = Debug|Any CPU
		{CDC6B5A3-4842-471B-878E-6C2234704479}.Debug|Any CPU.Build.0 = Debug|Any CPU
		{CDC6B5A3-4842-471B-878E-6C2234704479}.Release|Any CPU.ActiveCfg = Release|Any CPU
		{CDC6B5A3-4842-471B-878E-6C2234704479}.Release|Any CPU.Build.0 = Release|Any CPU
	EndGlobalSection
	GlobalSection(SolutionProperties) = preSolution
		HideSolutionNode = FALSE
	EndGlobalSection
	GlobalSection(ExtensibilityGlobals) = postSolution
		SolutionGuid = {0AF1E816-A9FA-42A8-BA87-324A9C739581}
	EndGlobalSection
EndGlobal
